
Microsoft Visual Studio Solution File, Format Version 12.00
# Visual Studio 15
VisualStudioVersion = 15.0.26730.16
MinimumVisualStudioVersion = 10.0.40219.1
Project("{FAE04EC0-301F-11D3-BF4B-00C04F79EFBC}") = "Capa Presentacion", "SAVM\Capa Presentacion.csproj", "{EC936D3F-73E4-4E4E-B399-2ACBFDC9103A}"
EndProject
Project("{FAE04EC0-301F-11D3-BF4B-00C04F79EFBC}") = "Capa Datos", "Capa Datos\Capa Datos.csproj", "{C6270A02-5542-409B-A88E-99269D369B81}"
EndProject
Project("{FAE04EC0-301F-11D3-BF4B-00C04F79EFBC}") = "Capa Entidades", "Capa Entidades\Capa Entidades.csproj", "{5B5F2AE7-2E5E-4F3E-8131-42B7D24A34F9}"
EndProject
Project("{FAE04EC0-301F-11D3-BF4B-00C04F79EFBC}") = "Capa Negocio", "Capa Negocio\Capa Negocio.csproj", "{1A3A1441-0EF4-4CC7-932F-17CA21BE74C5}"
EndProject
Global
	GlobalSection(SolutionConfigurationPlatforms) = preSolution
		Debug|Any CPU = Debug|Any CPU
		Release|Any CPU = Release|Any CPU
	EndGlobalSection
	GlobalSection(ProjectConfigurationPlatforms) = postSolution
		{EC936D3F-73E4-4E4E-B399-2ACBFDC9103A}.Debug|Any CPU.ActiveCfg = Debug|Any CPU
		{EC936D3F-73E4-4E4E-B399-2ACBFDC9103A}.Debug|Any CPU.Build.0 = Debug|Any CPU
		{EC936D3F-73E4-4E4E-B399-2ACBFDC9103A}.Release|Any CPU.ActiveCfg = Release|Any CPU
		{EC936D3F-73E4-4E4E-B399-2ACBFDC9103A}.Release|Any CPU.Build.0 = Release|Any CPU
		{C6270A02-5542-409B-A88E-99269D369B81}.Debug|Any CPU.ActiveCfg = Debug|Any CPU
		{C6270A02-5542-409B-A88E-99269D369B81}.Debug|Any CPU.Build.0 = Debug|Any CPU
		{C6270A02-5542-409B-A88E-99269D369B81}.Release|Any CPU.ActiveCfg = Release|Any CPU
		{C6270A02-5542-409B-A88E-99269D369B81}.Release|Any CPU.Build.0 = Release|Any CPU
		{5B5F2AE7-2E5E-4F3E-8131-42B7D24A34F9}.Debug|Any CPU.ActiveCfg = Debug|Any CPU
		{5B5F2AE7-2E5E-4F3E-8131-42B7D24A34F9}.Debug|Any CPU.Build.0 = Debug|Any CPU
		{5B5F2AE7-2E5E-4F3E-8131-42B7D24A34F9}.Release|Any CPU.ActiveCfg = Release|Any CPU
		{5B5F2AE7-2E5E-4F3E-8131-42B7D24A34F9}.Release|Any CPU.Build.0 = Release|Any CPU
		{1A3A1441-0EF4-4CC7-932F-17CA21BE74C5}.Debug|Any CPU.ActiveCfg = Debug|Any CPU
		{1A3A1441-0EF4-4CC7-932F-17CA21BE74C5}.Debug|Any CPU.Build.0 = Debug|Any CPU
		{1A3A1441-0EF4-4CC7-932F-17CA21BE74C5}.Release|Any CPU.ActiveCfg = Release|Any CPU
		{1A3A1441-0EF4-4CC7-932F-17CA21BE74C5}.Release|Any CPU.Build.0 = Release|Any CPU
	EndGlobalSection
	GlobalSection(SolutionProperties) = preSolution
		HideSolutionNode = FALSE
	EndGlobalSection
	GlobalSection(ExtensibilityGlobals) = postSolution
		SolutionGuid = {1E0DD026-642C-4E31-99BA-4C5BE8FB4A20}
	EndGlobalSection
EndGlobal
